
Microsoft Visual Studio Solution File, Format Version 12.00
# Visual Studio Version 17
VisualStudioVersion = 17.0.31912.275
MinimumVisualStudioVersion = 10.0.40219.1
Project("{FAE04EC0-301F-11D3-BF4B-00C04F79EFBC}") = "Test", "Test.csproj", "{AC5B17C6-1928-402A-B81C-A838A9C00EE9}"
EndProject
Global
	GlobalSection(SolutionConfigurationPlatforms) = preSolution
		Debug|Any CPU = Debug|Any CPU
		Release|Any CPU = Release|Any CPU
	EndGlobalSection
	GlobalSection(ProjectConfigurationPlatforms) = postSolution
		{AC5B17C6-1928-402A-B81C-A838A9C00EE9}.Debug|Any CPU.ActiveCfg = Debug|Any CPU
		{AC5B17C6-1928-402A-B81C-A838A9C00EE9}.Debug|Any CPU.Build.0 = Debug|Any CPU
		{AC5B17C6-1928-402A-B81C-A838A9C00EE9}.Release|Any CPU.ActiveCfg = Release|Any CPU
		{AC5B17C6-1928-402A-B81C-A838A9C00EE9}.Release|Any CPU.Build.0 = Release|Any CPU
	EndGlobalSection
	GlobalSection(SolutionProperties) = preSolution
		HideSolutionNode = FALSE
	EndGlobalSection
	GlobalSection(ExtensibilityGlobals) = postSolution
		SolutionGuid = {3DB2CA66-8C25-489A-897B-50F70940E84F}
	EndGlobalSection
EndGlobal
